
Microsoft Visual Studio Solution File, Format Version 12.00
# Visual Studio 14
VisualStudioVersion = 14.0.24720.0
MinimumVisualStudioVersion = 10.0.40219.1
Project("{FAE04EC0-301F-11D3-BF4B-00C04F79EFBC}") = "plane_interface", "plane_interface\plane_interface.csproj", "{63E0C25A-2E8E-4235-82EB-2E7FE8E358ED}"
EndProject
Global
	GlobalSection(SolutionConfigurationPlatforms) = preSolution
		Debug|Any CPU = Debug|Any CPU
		Release|Any CPU = Release|Any CPU
	EndGlobalSection
	GlobalSection(ProjectConfigurationPlatforms) = postSolution
		{63E0C25A-2E8E-4235-82EB-2E7FE8E358ED}.Debug|Any CPU.ActiveCfg = Debug|Any CPU
		{63E0C25A-2E8E-4235-82EB-2E7FE8E358ED}.Debug|Any CPU.Build.0 = Debug|Any CPU
		{63E0C25A-2E8E-4235-82EB-2E7FE8E358ED}.Release|Any CPU.ActiveCfg = Release|Any CPU
		{63E0C25A-2E8E-4235-82EB-2E7FE8E358ED}.Release|Any CPU.Build.0 = Release|Any CPU
	EndGlobalSection
	GlobalSection(SolutionProperties) = preSolution
		HideSolutionNode = FALSE
	EndGlobalSection
EndGlobal
